
Microsoft Visual Studio Solution File, Format Version 12.00
# Visual Studio 15
VisualStudioVersion = 15.0.27130.2020
MinimumVisualStudioVersion = 10.0.40219.1
Project("{FAE04EC0-301F-11D3-BF4B-00C04F79EFBC}") = "PhoneLineBling", "PhoneLineBling\PhoneLineBling.csproj", "{B44621F3-9947-4299-BFF9-8B38A2F57DF0}"
EndProject
Global
	GlobalSection(SolutionConfigurationPlatforms) = preSolution
		Debug|Any CPU = Debug|Any CPU
		Release|Any CPU = Release|Any CPU
	EndGlobalSection
	GlobalSection(ProjectConfigurationPlatforms) = postSolution
		{B44621F3-9947-4299-BFF9-8B38A2F57DF0}.Debug|Any CPU.ActiveCfg = Debug|Any CPU
		{B44621F3-9947-4299-BFF9-8B38A2F57DF0}.Debug|Any CPU.Build.0 = Debug|Any CPU
		{B44621F3-9947-4299-BFF9-8B38A2F57DF0}.Release|Any CPU.ActiveCfg = Release|Any CPU
		{B44621F3-9947-4299-BFF9-8B38A2F57DF0}.Release|Any CPU.Build.0 = Release|Any CPU
	EndGlobalSection
	GlobalSection(SolutionProperties) = preSolution
		HideSolutionNode = FALSE
	EndGlobalSection
	GlobalSection(ExtensibilityGlobals) = postSolution
		SolutionGuid = {F049DE19-AC1C-4658-818E-8EBF6A2E9A1F}
	EndGlobalSection
EndGlobal
